// !$*UTF8*$!
{
	archiveVersion = 1;
	classes = {
	};
	objectVersion = 50;
	objects = {

/* Begin PBXBuildFile section */
		220DCC1722660E7A0041C07F /* RoundedButton.swift in Sources */ = {isa = PBXBuildFile; fileRef = 220DCC1622660E7A0041C07F /* RoundedButton.swift */; };
		2212927D2253AEFF00FBAC83 /* AppDelegate.swift in Sources */ = {isa = PBXBuildFile; fileRef = 2212927C2253AEFF00FBAC83 /* AppDelegate.swift */; };
		221292822253AEFF00FBAC83 /* Main.storyboard in Resources */ = {isa = PBXBuildFile; fileRef = 221292802253AEFF00FBAC83 /* Main.storyboard */; };
		221292842253AF0200FBAC83 /* Assets.xcassets in Resources */ = {isa = PBXBuildFile; fileRef = 221292832253AF0200FBAC83 /* Assets.xcassets */; };
		221292872253AF0200FBAC83 /* LaunchScreen.storyboard in Resources */ = {isa = PBXBuildFile; fileRef = 221292852253AF0200FBAC83 /* LaunchScreen.storyboard */; };
		2216D6D82267804400F757E9 /* UserDataService.swift in Sources */ = {isa = PBXBuildFile; fileRef = 2216D6D72267804400F757E9 /* UserDataService.swift */; };
		22263ECF2264BF670021D3BB /* AuthService.swift in Sources */ = {isa = PBXBuildFile; fileRef = 22263ECE2264BF670021D3BB /* AuthService.swift */; };
		222E430C225B2DBB001BB582 /* ChatVC.swift in Sources */ = {isa = PBXBuildFile; fileRef = 222E430B225B2DBB001BB582 /* ChatVC.swift */; };
		222E430E225B2DEB001BB582 /* ChannelVC.swift in Sources */ = {isa = PBXBuildFile; fileRef = 222E430D225B2DEB001BB582 /* ChannelVC.swift */; };
		2248C0EF225C91750065153A /* GradientView.swift in Sources */ = {isa = PBXBuildFile; fileRef = 2248C0EE225C91750065153A /* GradientView.swift */; };
		2248C0F2225CA76A0065153A /* Constants.swift in Sources */ = {isa = PBXBuildFile; fileRef = 2248C0F1225CA76A0065153A /* Constants.swift */; };
		2248C0F4225CB2590065153A /* LoginVC.swift in Sources */ = {isa = PBXBuildFile; fileRef = 2248C0F3225CB2590065153A /* LoginVC.swift */; };
		2248C0F6225CB5A90065153A /* CreateAccountVC.swift in Sources */ = {isa = PBXBuildFile; fileRef = 2248C0F5225CB5A90065153A /* CreateAccountVC.swift */; };
		22805F052253C09A00F055D9 /* SWRevealViewController.m in Sources */ = {isa = PBXBuildFile; fileRef = 22805F042253C09A00F055D9 /* SWRevealViewController.m */; };
		3484435E96984692373EB1B2 /* Pods_Smack.framework in Frameworks */ = {isa = PBXBuildFile; fileRef = 6958DD60D16E87AABD1EB981 /* Pods_Smack.framework */; };
/* End PBXBuildFile section */

/* Begin PBXFileReference section */
		06E70EB864825D8379CB304E /* Pods-Smack.release.xcconfig */ = {isa = PBXFileReference; includeInIndex = 1; lastKnownFileType = text.xcconfig; name = "Pods-Smack.release.xcconfig"; path = "Pods/Target Support Files/Pods-Smack/Pods-Smack.release.xcconfig"; sourceTree = "<group>"; };
		220DCC1622660E7A0041C07F /* RoundedButton.swift */ = {isa = PBXFileReference; lastKnownFileType = sourcecode.swift; path = RoundedButton.swift; sourceTree = "<group>"; };
		221292792253AEFF00FBAC83 /* Smack.app */ = {isa = PBXFileReference; explicitFileType = wrapper.application; includeInIndex = 0; path = Smack.app; sourceTree = BUILT_PRODUCTS_DIR; };
		2212927C2253AEFF00FBAC83 /* AppDelegate.swift */ = {isa = PBXFileReference; lastKnownFileType = sourcecode.swift; path = AppDelegate.swift; sourceTree = "<group>"; };
		221292812253AEFF00FBAC83 /* Base */ = {isa = PBXFileReference; lastKnownFileType = file.storyboard; name = Base; path = Base.lproj/Main.storyboard; sourceTree = "<group>"; };
		221292832253AF0200FBAC83 /* Assets.xcassets */ = {isa = PBXFileReference; lastKnownFileType = folder.assetcatalog; path = Assets.xcassets; sourceTree = "<group>"; };
		221292862253AF0200FBAC83 /* Base */ = {isa = PBXFileReference; lastKnownFileType = file.storyboard; name = Base; path = Base.lproj/LaunchScreen.storyboard; sourceTree = "<group>"; };
		221292882253AF0200FBAC83 /* Info.plist */ = {isa = PBXFileReference; lastKnownFileType = text.plist.xml; path = Info.plist; sourceTree = "<group>"; };
		2216D6D72267804400F757E9 /* UserDataService.swift */ = {isa = PBXFileReference; lastKnownFileType = sourcecode.swift; path = UserDataService.swift; sourceTree = "<group>"; };
		22263ECE2264BF670021D3BB /* AuthService.swift */ = {isa = PBXFileReference; lastKnownFileType = sourcecode.swift; path = AuthService.swift; sourceTree = "<group>"; };
		222E430B225B2DBB001BB582 /* ChatVC.swift */ = {isa = PBXFileReference; lastKnownFileType = sourcecode.swift; path = ChatVC.swift; sourceTree = "<group>"; };
		222E430D225B2DEB001BB582 /* ChannelVC.swift */ = {isa = PBXFileReference; lastKnownFileType = sourcecode.swift; path = ChannelVC.swift; sourceTree = "<group>"; };
		2248C0EE225C91750065153A /* GradientView.swift */ = {isa = PBXFileReference; lastKnownFileType = sourcecode.swift; path = GradientView.swift; sourceTree = "<group>"; };
		2248C0F1225CA76A0065153A /* Constants.swift */ = {isa = PBXFileReference; lastKnownFileType = sourcecode.swift; path = Constants.swift; sourceTree = "<group>"; };
		2248C0F3225CB2590065153A /* LoginVC.swift */ = {isa = PBXFileReference; lastKnownFileType = sourcecode.swift; path = LoginVC.swift; sourceTree = "<group>"; };
		2248C0F5225CB5A90065153A /* CreateAccountVC.swift */ = {isa = PBXFileReference; lastKnownFileType = sourcecode.swift; path = CreateAccountVC.swift; sourceTree = "<group>"; };
		22805F022253C09700F055D9 /* Smack-Bridging-Header.h */ = {isa = PBXFileReference; lastKnownFileType = sourcecode.c.h; path = "Smack-Bridging-Header.h"; sourceTree = "<group>"; };
		22805F032253C09900F055D9 /* SWRevealViewController.h */ = {isa = PBXFileReference; fileEncoding = 4; lastKnownFileType = sourcecode.c.h; path = SWRevealViewController.h; sourceTree = "<group>"; };
		22805F042253C09A00F055D9 /* SWRevealViewController.m */ = {isa = PBXFileReference; fileEncoding = 4; lastKnownFileType = sourcecode.c.objc; path = SWRevealViewController.m; sourceTree = "<group>"; };
		6958DD60D16E87AABD1EB981 /* Pods_Smack.framework */ = {isa = PBXFileReference; explicitFileType = wrapper.framework; includeInIndex = 0; path = Pods_Smack.framework; sourceTree = BUILT_PRODUCTS_DIR; };
		BC33A72CD543C1B24B0662F9 /* Pods-Smack.debug.xcconfig */ = {isa = PBXFileReference; includeInIndex = 1; lastKnownFileType = text.xcconfig; name = "Pods-Smack.debug.xcconfig"; path = "Pods/Target Support Files/Pods-Smack/Pods-Smack.debug.xcconfig"; sourceTree = "<group>"; };
/* End PBXFileReference section */

/* Begin PBXFrameworksBuildPhase section */
		221292762253AEFF00FBAC83 /* Frameworks */ = {
			isa = PBXFrameworksBuildPhase;
			buildActionMask = 2147483647;
			files = (
				3484435E96984692373EB1B2 /* Pods_Smack.framework in Frameworks */,
			);
			runOnlyForDeploymentPostprocessing = 0;
		};
/* End PBXFrameworksBuildPhase section */

/* Begin PBXGroup section */
		221292702253AEFF00FBAC83 = {
			isa = PBXGroup;
			children = (
				2212927B2253AEFF00FBAC83 /* Smack */,
				2212927A2253AEFF00FBAC83 /* Products */,
				5FD69AE78685F6D57611C309 /* Pods */,
				5FC29F73D26AB73DE55B775D /* Frameworks */,
			);
			sourceTree = "<group>";
		};
		2212927A2253AEFF00FBAC83 /* Products */ = {
			isa = PBXGroup;
			children = (
				221292792253AEFF00FBAC83 /* Smack.app */,
			);
			name = Products;
			sourceTree = "<group>";
		};
		2212927B2253AEFF00FBAC83 /* Smack */ = {
			isa = PBXGroup;
			children = (
				22263ECD2264BF370021D3BB /* Services */,
				2248C0F0225CA7490065153A /* Utilities */,
				222E430A225B2D4F001BB582 /* Model */,
				222E4309225B2D45001BB582 /* View */,
				222E4308225B2D30001BB582 /* Controller */,
				22805F012253C03700F055D9 /* Supporting Files */,
				2212927C2253AEFF00FBAC83 /* AppDelegate.swift */,
				221292802253AEFF00FBAC83 /* Main.storyboard */,
				221292832253AF0200FBAC83 /* Assets.xcassets */,
				221292852253AF0200FBAC83 /* LaunchScreen.storyboard */,
				221292882253AF0200FBAC83 /* Info.plist */,
			);
			path = Smack;
			sourceTree = "<group>";
		};
		22263ECD2264BF370021D3BB /* Services */ = {
			isa = PBXGroup;
			children = (
				22263ECE2264BF670021D3BB /* AuthService.swift */,
				2216D6D72267804400F757E9 /* UserDataService.swift */,
			);
			path = Services;
			sourceTree = "<group>";
		};
		222E4308225B2D30001BB582 /* Controller */ = {
			isa = PBXGroup;
			children = (
				222E430B225B2DBB001BB582 /* ChatVC.swift */,
				222E430D225B2DEB001BB582 /* ChannelVC.swift */,
				2248C0F3225CB2590065153A /* LoginVC.swift */,
				2248C0F5225CB5A90065153A /* CreateAccountVC.swift */,
			);
			path = Controller;
			sourceTree = "<group>";
		};
		222E4309225B2D45001BB582 /* View */ = {
			isa = PBXGroup;
			children = (
				2248C0EE225C91750065153A /* GradientView.swift */,
				220DCC1622660E7A0041C07F /* RoundedButton.swift */,
			);
			path = View;
			sourceTree = "<group>";
		};
		222E430A225B2D4F001BB582 /* Model */ = {
			isa = PBXGroup;
			children = (
			);
			path = Model;
			sourceTree = "<group>";
		};
		2248C0F0225CA7490065153A /* Utilities */ = {
			isa = PBXGroup;
			children = (
				2248C0F1225CA76A0065153A /* Constants.swift */,
			);
			path = Utilities;
			sourceTree = "<group>";
		};
		22805F012253C03700F055D9 /* Supporting Files */ = {
			isa = PBXGroup;
			children = (
				22805F032253C09900F055D9 /* SWRevealViewController.h */,
				22805F042253C09A00F055D9 /* SWRevealViewController.m */,
				22805F022253C09700F055D9 /* Smack-Bridging-Header.h */,
			);
			path = "Supporting Files";
			sourceTree = "<group>";
		};
		5FC29F73D26AB73DE55B775D /* Frameworks */ = {
			isa = PBXGroup;
			children = (
				6958DD60D16E87AABD1EB981 /* Pods_Smack.framework */,
			);
			name = Frameworks;
			sourceTree = "<group>";
		};
		5FD69AE78685F6D57611C309 /* Pods */ = {
			isa = PBXGroup;
			children = (
				BC33A72CD543C1B24B0662F9 /* Pods-Smack.debug.xcconfig */,
				06E70EB864825D8379CB304E /* Pods-Smack.release.xcconfig */,
			);
			name = Pods;
			sourceTree = "<group>";
		};
/* End PBXGroup section */

/* Begin PBXNativeTarget section */
		221292782253AEFF00FBAC83 /* Smack */ = {
			isa = PBXNativeTarget;
			buildConfigurationList = 2212928B2253AF0200FBAC83 /* Build configuration list for PBXNativeTarget "Smack" */;
			buildPhases = (
				09DCA4C049E1A0EF2D3F7188 /* [CP] Check Pods Manifest.lock */,
				221292752253AEFF00FBAC83 /* Sources */,
				221292762253AEFF00FBAC83 /* Frameworks */,
				221292772253AEFF00FBAC83 /* Resources */,
				25F8B392B95B9B13E2D1947D /* [CP] Embed Pods Frameworks */,
			);
			buildRules = (
			);
			dependencies = (
			);
			name = Smack;
			productName = Smack;
			productReference = 221292792253AEFF00FBAC83 /* Smack.app */;
			productType = "com.apple.product-type.application";
		};
/* End PBXNativeTarget section */

/* Begin PBXProject section */
		221292712253AEFF00FBAC83 /* Project object */ = {
			isa = PBXProject;
			attributes = {
				LastSwiftUpdateCheck = 1010;
				LastUpgradeCheck = 1010;
				ORGANIZATIONNAME = macOS;
				TargetAttributes = {
					221292782253AEFF00FBAC83 = {
						CreatedOnToolsVersion = 10.1;
						LastSwiftMigration = 1010;
					};
				};
			};
			buildConfigurationList = 221292742253AEFF00FBAC83 /* Build configuration list for PBXProject "Smack" */;
			compatibilityVersion = "Xcode 9.3";
			developmentRegion = en;
			hasScannedForEncodings = 0;
			knownRegions = (
				en,
				Base,
			);
			mainGroup = 221292702253AEFF00FBAC83;
			productRefGroup = 2212927A2253AEFF00FBAC83 /* Products */;
			projectDirPath = "";
			projectRoot = "";
			targets = (
				221292782253AEFF00FBAC83 /* Smack */,
			);
		};
/* End PBXProject section */

/* Begin PBXResourcesBuildPhase section */
		221292772253AEFF00FBAC83 /* Resources */ = {
			isa = PBXResourcesBuildPhase;
			buildActionMask = 2147483647;
			files = (
				221292872253AF0200FBAC83 /* LaunchScreen.storyboard in Resources */,
				221292842253AF0200FBAC83 /* Assets.xcassets in Resources */,
				221292822253AEFF00FBAC83 /* Main.storyboard in Resources */,
			);
			runOnlyForDeploymentPostprocessing = 0;
		};
/* End PBXResourcesBuildPhase section */

/* Begin PBXShellScriptBuildPhase section */
		09DCA4C049E1A0EF2D3F7188 /* [CP] Check Pods Manifest.lock */ = {
			isa = PBXShellScriptBuildPhase;
			buildActionMask = 2147483647;
			files = (
			);
			inputPaths = (
				"${PODS_PODFILE_DIR_PATH}/Podfile.lock",
				"${PODS_ROOT}/Manifest.lock",
			);
			name = "[CP] Check Pods Manifest.lock";
			outputPaths = (
				"$(DERIVED_FILE_DIR)/Pods-Smack-checkManifestLockResult.txt",
			);
			runOnlyForDeploymentPostprocessing = 0;
			shellPath = /bin/sh;
			shellScript = "diff \"${PODS_PODFILE_DIR_PATH}/Podfile.lock\" \"${PODS_ROOT}/Manifest.lock\" > /dev/null\nif [ $? != 0 ] ; then\n    # print error to STDERR\n    echo \"error: The sandbox is not in sync with the Podfile.lock. Run 'pod install' or update your CocoaPods installation.\" >&2\n    exit 1\nfi\n# This output is used by Xcode 'outputs' to avoid re-running this script phase.\necho \"SUCCESS\" > \"${SCRIPT_OUTPUT_FILE_0}\"\n";
			showEnvVarsInLog = 0;
		};
		25F8B392B95B9B13E2D1947D /* [CP] Embed Pods Frameworks */ = {
			isa = PBXShellScriptBuildPhase;
			buildActionMask = 2147483647;
			files = (
			);
			inputPaths = (
				"${SRCROOT}/Pods/Target Support Files/Pods-Smack/Pods-Smack-frameworks.sh",
				"${BUILT_PRODUCTS_DIR}/Alamofire/Alamofire.framework",
				"${BUILT_PRODUCTS_DIR}/Socket.IO-Client-Swift/SocketIO.framework",
				"${BUILT_PRODUCTS_DIR}/Starscream/Starscream.framework",
				"${BUILT_PRODUCTS_DIR}/SwiftyJSON/SwiftyJSON.framework",
			);
			name = "[CP] Embed Pods Frameworks";
			outputPaths = (
				"${TARGET_BUILD_DIR}/${FRAMEWORKS_FOLDER_PATH}/Alamofire.framework",
				"${TARGET_BUILD_DIR}/${FRAMEWORKS_FOLDER_PATH}/SocketIO.framework",
				"${TARGET_BUILD_DIR}/${FRAMEWORKS_FOLDER_PATH}/Starscream.framework",
				"${TARGET_BUILD_DIR}/${FRAMEWORKS_FOLDER_PATH}/SwiftyJSON.framework",
			);
			runOnlyForDeploymentPostprocessing = 0;
			shellPath = /bin/sh;
			shellScript = "\"${SRCROOT}/Pods/Target Support Files/Pods-Smack/Pods-Smack-frameworks.sh\"\n";
			showEnvVarsInLog = 0;
		};
/* End PBXShellScriptBuildPhase section */

/* Begin PBXSourcesBuildPhase section */
		221292752253AEFF00FBAC83 /* Sources */ = {
			isa = PBXSourcesBuildPhase;
			buildActionMask = 2147483647;
			files = (
				222E430E225B2DEB001BB582 /* ChannelVC.swift in Sources */,
				220DCC1722660E7A0041C07F /* RoundedButton.swift in Sources */,
				222E430C225B2DBB001BB582 /* ChatVC.swift in Sources */,
				2216D6D82267804400F757E9 /* UserDataService.swift in Sources */,
				2248C0F6225CB5A90065153A /* CreateAccountVC.swift in Sources */,
				22263ECF2264BF670021D3BB /* AuthService.swift in Sources */,
				2248C0F4225CB2590065153A /* LoginVC.swift in Sources */,
				2248C0EF225C91750065153A /* GradientView.swift in Sources */,
				2212927D2253AEFF00FBAC83 /* AppDelegate.swift in Sources */,
				22805F052253C09A00F055D9 /* SWRevealViewController.m in Sources */,
				2248C0F2225CA76A0065153A /* Constants.swift in Sources */,
			);
			runOnlyForDeploymentPostprocessing = 0;
		};
/* End PBXSourcesBuildPhase section */

/* Begin PBXVariantGroup section */
		221292802253AEFF00FBAC83 /* Main.storyboard */ = {
			isa = PBXVariantGroup;
			children = (
				221292812253AEFF00FBAC83 /* Base */,
			);
			name = Main.storyboard;
			sourceTree = "<group>";
		};
		221292852253AF0200FBAC83 /* LaunchScreen.storyboard */ = {
			isa = PBXVariantGroup;
			children = (
				221292862253AF0200FBAC83 /* Base */,
			);
			name = LaunchScreen.storyboard;
			sourceTree = "<group>";
		};
/* End PBXVariantGroup section */

/* Begin XCBuildConfiguration section */
		221292892253AF0200FBAC83 /* Debug */ = {
			isa = XCBuildConfiguration;
			buildSettings = {
				ALWAYS_SEARCH_USER_PATHS = NO;
				CLANG_ANALYZER_NONNULL = YES;
				CLANG_ANALYZER_NUMBER_OBJECT_CONVERSION = YES_AGGRESSIVE;
				CLANG_CXX_LANGUAGE_STANDARD = "gnu++14";
				CLANG_CXX_LIBRARY = "libc++";
				CLANG_ENABLE_MODULES = YES;
				CLANG_ENABLE_OBJC_ARC = YES;
				CLANG_ENABLE_OBJC_WEAK = YES;
				CLANG_WARN_BLOCK_CAPTURE_AUTORELEASING = YES;
				CLANG_WARN_BOOL_CONVERSION = YES;
				CLANG_WARN_COMMA = YES;
				CLANG_WARN_CONSTANT_CONVERSION = YES;
				CLANG_WARN_DEPRECATED_OBJC_IMPLEMENTATIONS = YES;
				CLANG_WARN_DIRECT_OBJC_ISA_USAGE = YES_ERROR;
				CLANG_WARN_DOCUMENTATION_COMMENTS = YES;
				CLANG_WARN_EMPTY_BODY = YES;
				CLANG_WARN_ENUM_CONVERSION = YES;
				CLANG_WARN_INFINITE_RECURSION = YES;
				CLANG_WARN_INT_CONVERSION = YES;
				CLANG_WARN_NON_LITERAL_NULL_CONVERSION = YES;
				CLANG_WARN_OBJC_IMPLICIT_RETAIN_SELF = YES;
				CLANG_WARN_OBJC_LITERAL_CONVERSION = YES;
				CLANG_WARN_OBJC_ROOT_CLASS = YES_ERROR;
				CLANG_WARN_RANGE_LOOP_ANALYSIS = YES;
				CLANG_WARN_STRICT_PROTOTYPES = YES;
				CLANG_WARN_SUSPICIOUS_MOVE = YES;
				CLANG_WARN_UNGUARDED_AVAILABILITY = YES_AGGRESSIVE;
				CLANG_WARN_UNREACHABLE_CODE = YES;
				CLANG_WARN__DUPLICATE_METHOD_MATCH = YES;
				CODE_SIGN_IDENTITY = "iPhone Developer";
				COPY_PHASE_STRIP = NO;
				DEBUG_INFORMATION_FORMAT = dwarf;
				ENABLE_STRICT_OBJC_MSGSEND = YES;
				ENABLE_TESTABILITY = YES;
				GCC_C_LANGUAGE_STANDARD = gnu11;
				GCC_DYNAMIC_NO_PIC = NO;
				GCC_NO_COMMON_BLOCKS = YES;
				GCC_OPTIMIZATION_LEVEL = 0;
				GCC_PREPROCESSOR_DEFINITIONS = (
					"DEBUG=1",
					"$(inherited)",
				);
				GCC_WARN_64_TO_32_BIT_CONVERSION = YES;
				GCC_WARN_ABOUT_RETURN_TYPE = YES_ERROR;
				GCC_WARN_UNDECLARED_SELECTOR = YES;
				GCC_WARN_UNINITIALIZED_AUTOS = YES_AGGRESSIVE;
				GCC_WARN_UNUSED_FUNCTION = YES;
				GCC_WARN_UNUSED_VARIABLE = YES;
				IPHONEOS_DEPLOYMENT_TARGET = 12.1;
				MTL_ENABLE_DEBUG_INFO = INCLUDE_SOURCE;
				MTL_FAST_MATH = YES;
				ONLY_ACTIVE_ARCH = YES;
				SDKROOT = iphoneos;
				SWIFT_ACTIVE_COMPILATION_CONDITIONS = DEBUG;
				SWIFT_OPTIMIZATION_LEVEL = "-Onone";
			};
			name = Debug;
		};
		2212928A2253AF0200FBAC83 /* Release */ = {
			isa = XCBuildConfiguration;
			buildSettings = {
				ALWAYS_SEARCH_USER_PATHS = NO;
				CLANG_ANALYZER_NONNULL = YES;
				CLANG_ANALYZER_NUMBER_OBJECT_CONVERSION = YES_AGGRESSIVE;
				CLANG_CXX_LANGUAGE_STANDARD = "gnu++14";
				CLANG_CXX_LIBRARY = "libc++";
				CLANG_ENABLE_MODULES = YES;
				CLANG_ENABLE_OBJC_ARC = YES;
				CLANG_ENABLE_OBJC_WEAK = YES;
				CLANG_WARN_BLOCK_CAPTURE_AUTORELEASING = YES;
				CLANG_WARN_BOOL_CONVERSION = YES;
				CLANG_WARN_COMMA = YES;
				CLANG_WARN_CONSTANT_CONVERSION = YES;
				CLANG_WARN_DEPRECATED_OBJC_IMPLEMENTATIONS = YES;
				CLANG_WARN_DIRECT_OBJC_ISA_USAGE = YES_ERROR;
				CLANG_WARN_DOCUMENTATION_COMMENTS = YES;
				CLANG_WARN_EMPTY_BODY = YES;
				CLANG_WARN_ENUM_CONVERSION = YES;
				CLANG_WARN_INFINITE_RECURSION = YES;
				CLANG_WARN_INT_CONVERSION = YES;
				CLANG_WARN_NON_LITERAL_NULL_CONVERSION = YES;
				CLANG_WARN_OBJC_IMPLICIT_RETAIN_SELF = YES;
				CLANG_WARN_OBJC_LITERAL_CONVERSION = YES;
				CLANG_WARN_OBJC_ROOT_CLASS = YES_ERROR;
				CLANG_WARN_RANGE_LOOP_ANALYSIS = YES;
				CLANG_WARN_STRICT_PROTOTYPES = YES;
				CLANG_WARN_SUSPICIOUS_MOVE = YES;
				CLANG_WARN_UNGUARDED_AVAILABILITY = YES_AGGRESSIVE;
				CLANG_WARN_UNREACHABLE_CODE = YES;
				CLANG_WARN__DUPLICATE_METHOD_MATCH = YES;
				CODE_SIGN_IDENTITY = "iPhone Developer";
				COPY_PHASE_STRIP = NO;
				DEBUG_INFORMATION_FORMAT = "dwarf-with-dsym";
				ENABLE_NS_ASSERTIONS = NO;
				ENABLE_STRICT_OBJC_MSGSEND = YES;
				GCC_C_LANGUAGE_STANDARD = gnu11;
				GCC_NO_COMMON_BLOCKS = YES;
				GCC_WARN_64_TO_32_BIT_CONVERSION = YES;
				GCC_WARN_ABOUT_RETURN_TYPE = YES_ERROR;
				GCC_WARN_UNDECLARED_SELECTOR = YES;
				GCC_WARN_UNINITIALIZED_AUTOS = YES_AGGRESSIVE;
				GCC_WARN_UNUSED_FUNCTION = YES;
				GCC_WARN_UNUSED_VARIABLE = YES;
				IPHONEOS_DEPLOYMENT_TARGET = 12.1;
				MTL_ENABLE_DEBUG_INFO = NO;
				MTL_FAST_MATH = YES;
				SDKROOT = iphoneos;
				SWIFT_COMPILATION_MODE = wholemodule;
				SWIFT_OPTIMIZATION_LEVEL = "-O";
				VALIDATE_PRODUCT = YES;
			};
			name = Release;
		};
		2212928C2253AF0200FBAC83 /* Debug */ = {
			isa = XCBuildConfiguration;
			baseConfigurationReference = BC33A72CD543C1B24B0662F9 /* Pods-Smack.debug.xcconfig */;
			buildSettings = {
				ASSETCATALOG_COMPILER_APPICON_NAME = AppIcon;
				CLANG_ENABLE_MODULES = YES;
				CODE_SIGN_STYLE = Automatic;
				DEVELOPMENT_TEAM = LB2WU2735N;
				INFOPLIST_FILE = Smack/Info.plist;
				LD_RUNPATH_SEARCH_PATHS = (
					"$(inherited)",
					"@executable_path/Frameworks",
				);
				PRODUCT_BUNDLE_IDENTIFIER = com.steemmnf.Smack;
				PRODUCT_NAME = "$(TARGET_NAME)";
				SWIFT_OBJC_BRIDGING_HEADER = "Smack/Supporting Files/Smack-Bridging-Header.h";
				SWIFT_OPTIMIZATION_LEVEL = "-Onone";
				SWIFT_VERSION = 4.2;
				TARGETED_DEVICE_FAMILY = "1,2";
			};
			name = Debug;
		};
		2212928D2253AF0200FBAC83 /* Release */ = {
			isa = XCBuildConfiguration;
			baseConfigurationReference = 06E70EB864825D8379CB304E /* Pods-Smack.release.xcconfig */;
			buildSettings = {
				ASSETCATALOG_COMPILER_APPICON_NAME = AppIcon;
				CLANG_ENABLE_MODULES = YES;
				CODE_SIGN_STYLE = Automatic;
				DEVELOPMENT_TEAM = LB2WU2735N;
				INFOPLIST_FILE = Smack/Info.plist;
				LD_RUNPATH_SEARCH_PATHS = (
					"$(inherited)",
					"@executable_path/Frameworks",
				);
				PRODUCT_BUNDLE_IDENTIFIER = com.steemmnf.Smack;
				PRODUCT_NAME = "$(TARGET_NAME)";
				SWIFT_OBJC_BRIDGING_HEADER = "Smack/Supporting Files/Smack-Bridging-Header.h";
				SWIFT_VERSION = 4.2;
				TARGETED_DEVICE_FAMILY = "1,2";
			};
			name = Release;
		};
/* End XCBuildConfiguration section */

/* Begin XCConfigurationList section */
		221292742253AEFF00FBAC83 /* Build configuration list for PBXProject "Smack" */ = {
			isa = XCConfigurationList;
			buildConfigurations = (
				221292892253AF0200FBAC83 /* Debug */,
				2212928A2253AF0200FBAC83 /* Release */,
			);
			defaultConfigurationIsVisible = 0;
			defaultConfigurationName = Release;
		};
		2212928B2253AF0200FBAC83 /* Build configuration list for PBXNativeTarget "Smack" */ = {
			isa = XCConfigurationList;
			buildConfigurations = (
				2212928C2253AF0200FBAC83 /* Debug */,
				2212928D2253AF0200FBAC83 /* Release */,
			);
			defaultConfigurationIsVisible = 0;
			defaultConfigurationName = Release;
		};
/* End XCConfigurationList section */
	};
	rootObject = 221292712253AEFF00FBAC83 /* Project object */;
}
